// !$*UTF8*$!
{
	archiveVersion = 1;
	classes = {
	};
	objectVersion = 46;
	objects = {

/* Begin PBXBuildFile section */
		C50FDB8DD1814F7DB4E857BD /* Pods.framework in Frameworks */ = {isa = PBXBuildFile; fileRef = 71628BC6B06EF11E8C8E2D80 /* Pods.framework */; };
		DA2FE33B1BCA4C0000E881BB /* silvernet.png in Resources */ = {isa = PBXBuildFile; fileRef = DA2FE33A1BCA4C0000E881BB /* silvernet.png */; };
		DA2FE33E1BCA546800E881BB /* AboutController.swift in Sources */ = {isa = PBXBuildFile; fileRef = DA2FE33D1BCA546800E881BB /* AboutController.swift */; };
		DA2FE3401BCA56E700E881BB /* Assets.xcassets in Resources */ = {isa = PBXBuildFile; fileRef = DA2FE33F1BCA56E700E881BB /* Assets.xcassets */; };
		DA2FE4811BD81D460006D9C6 /* Search_MapController.swift in Sources */ = {isa = PBXBuildFile; fileRef = DA2FE4801BD81D460006D9C6 /* Search_MapController.swift */; };
		DA2FE4831BD81E060006D9C6 /* Map_MapController.swift in Sources */ = {isa = PBXBuildFile; fileRef = DA2FE4821BD81E060006D9C6 /* Map_MapController.swift */; };
		DA3D54861BC14946006DA8D1 /* logo.png in Resources */ = {isa = PBXBuildFile; fileRef = DA3D54841BC14946006DA8D1 /* logo.png */; };
		DA41EEBD1BD022F30025CDDC /* BuildingController.swift in Sources */ = {isa = PBXBuildFile; fileRef = DA41EEBC1BD022F30025CDDC /* BuildingController.swift */; };
		DA41EEBF1BD029E20025CDDC /* TopAlignedLabel.swift in Sources */ = {isa = PBXBuildFile; fileRef = DA41EEBE1BD029E20025CDDC /* TopAlignedLabel.swift */; };
		DA51649A1BC05DC9007BF4D3 /* camp.gpx in Resources */ = {isa = PBXBuildFile; fileRef = DA5164991BC05DC9007BF4D3 /* camp.gpx */; };
		DAA44B121BBAFC440045B7F0 /* AppDelegate.swift in Sources */ = {isa = PBXBuildFile; fileRef = DAA44B111BBAFC440045B7F0 /* AppDelegate.swift */; };
		DAA44B141BBAFC440045B7F0 /* Base_MapController.swift in Sources */ = {isa = PBXBuildFile; fileRef = DAA44B131BBAFC440045B7F0 /* Base_MapController.swift */; };
		DAA44B171BBAFC440045B7F0 /* Main.storyboard in Resources */ = {isa = PBXBuildFile; fileRef = DAA44B151BBAFC440045B7F0 /* Main.storyboard */; };
		DAA44B1C1BBAFC440045B7F0 /* LaunchScreen.storyboard in Resources */ = {isa = PBXBuildFile; fileRef = DAA44B1A1BBAFC440045B7F0 /* LaunchScreen.storyboard */; };
		DAA44B271BBAFC440045B7F0 /* KampusSGGW_iosTests.swift in Sources */ = {isa = PBXBuildFile; fileRef = DAA44B261BBAFC440045B7F0 /* KampusSGGW_iosTests.swift */; };
		DAA44B321BBAFC440045B7F0 /* KampusSGGW_iosUITests.swift in Sources */ = {isa = PBXBuildFile; fileRef = DAA44B311BBAFC440045B7F0 /* KampusSGGW_iosUITests.swift */; };
		DAA44B481BBB03D90045B7F0 /* Building.swift in Sources */ = {isa = PBXBuildFile; fileRef = DAA44B471BBB03D90045B7F0 /* Building.swift */; };
		DAA44B4A1BBB0C680045B7F0 /* Buildings.swift in Sources */ = {isa = PBXBuildFile; fileRef = DAA44B491BBB0C680045B7F0 /* Buildings.swift */; };
		DAA44B4C1BBB0CE70045B7F0 /* Buildings.json in Resources */ = {isa = PBXBuildFile; fileRef = DAA44B4B1BBB0CE70045B7F0 /* Buildings.json */; };
		DAED64131BBC6ABD0042355F /* Colors.swift in Sources */ = {isa = PBXBuildFile; fileRef = DAED64121BBC6ABD0042355F /* Colors.swift */; };
		DAED64171BBC72A20042355F /* BuildingTableViewCell.swift in Sources */ = {isa = PBXBuildFile; fileRef = DAED64161BBC72A20042355F /* BuildingTableViewCell.swift */; };
/* End PBXBuildFile section */

/* Begin PBXContainerItemProxy section */
		DAA44B231BBAFC440045B7F0 /* PBXContainerItemProxy */ = {
			isa = PBXContainerItemProxy;
			containerPortal = DAA44B061BBAFC440045B7F0 /* Project object */;
			proxyType = 1;
			remoteGlobalIDString = DAA44B0D1BBAFC440045B7F0;
			remoteInfo = KampusSGGW_ios;
		};
		DAA44B2E1BBAFC440045B7F0 /* PBXContainerItemProxy */ = {
			isa = PBXContainerItemProxy;
			containerPortal = DAA44B061BBAFC440045B7F0 /* Project object */;
			proxyType = 1;
			remoteGlobalIDString = DAA44B0D1BBAFC440045B7F0;
			remoteInfo = KampusSGGW_ios;
		};
/* End PBXContainerItemProxy section */

/* Begin PBXFileReference section */
		71628BC6B06EF11E8C8E2D80 /* Pods.framework */ = {isa = PBXFileReference; explicitFileType = wrapper.framework; includeInIndex = 0; path = Pods.framework; sourceTree = BUILT_PRODUCTS_DIR; };
		79D2EA76100EF5E0D12AB0E9 /* Pods.debug.xcconfig */ = {isa = PBXFileReference; includeInIndex = 1; lastKnownFileType = text.xcconfig; name = Pods.debug.xcconfig; path = "Pods/Target Support Files/Pods/Pods.debug.xcconfig"; sourceTree = "<group>"; };
		DA2FE33A1BCA4C0000E881BB /* silvernet.png */ = {isa = PBXFileReference; lastKnownFileType = image.png; path = silvernet.png; sourceTree = "<group>"; };
		DA2FE33D1BCA546800E881BB /* AboutController.swift */ = {isa = PBXFileReference; fileEncoding = 4; lastKnownFileType = sourcecode.swift; path = AboutController.swift; sourceTree = "<group>"; };
		DA2FE33F1BCA56E700E881BB /* Assets.xcassets */ = {isa = PBXFileReference; lastKnownFileType = folder.assetcatalog; path = Assets.xcassets; sourceTree = "<group>"; };
		DA2FE4801BD81D460006D9C6 /* Search_MapController.swift */ = {isa = PBXFileReference; fileEncoding = 4; lastKnownFileType = sourcecode.swift; path = Search_MapController.swift; sourceTree = "<group>"; };
		DA2FE4821BD81E060006D9C6 /* Map_MapController.swift */ = {isa = PBXFileReference; fileEncoding = 4; lastKnownFileType = sourcecode.swift; path = Map_MapController.swift; sourceTree = "<group>"; };
		DA3D54841BC14946006DA8D1 /* logo.png */ = {isa = PBXFileReference; lastKnownFileType = image.png; path = logo.png; sourceTree = "<group>"; };
		DA41EEBC1BD022F30025CDDC /* BuildingController.swift */ = {isa = PBXFileReference; fileEncoding = 4; lastKnownFileType = sourcecode.swift; path = BuildingController.swift; sourceTree = "<group>"; };
		DA41EEBE1BD029E20025CDDC /* TopAlignedLabel.swift */ = {isa = PBXFileReference; fileEncoding = 4; lastKnownFileType = sourcecode.swift; path = TopAlignedLabel.swift; sourceTree = "<group>"; };
		DA4596701BE2CB6800377B1E /* Bridging-Header.h */ = {isa = PBXFileReference; lastKnownFileType = sourcecode.c.h; path = "Bridging-Header.h"; sourceTree = "<group>"; };
		DA5164991BC05DC9007BF4D3 /* camp.gpx */ = {isa = PBXFileReference; fileEncoding = 4; lastKnownFileType = text.xml; path = camp.gpx; sourceTree = "<group>"; };
		DAA44B0E1BBAFC440045B7F0 /* KampusSGGW.app */ = {isa = PBXFileReference; explicitFileType = wrapper.application; includeInIndex = 0; path = KampusSGGW.app; sourceTree = BUILT_PRODUCTS_DIR; };
		DAA44B111BBAFC440045B7F0 /* AppDelegate.swift */ = {isa = PBXFileReference; lastKnownFileType = sourcecode.swift; path = AppDelegate.swift; sourceTree = "<group>"; };
		DAA44B131BBAFC440045B7F0 /* Base_MapController.swift */ = {isa = PBXFileReference; lastKnownFileType = sourcecode.swift; path = Base_MapController.swift; sourceTree = "<group>"; };
		DAA44B161BBAFC440045B7F0 /* Base */ = {isa = PBXFileReference; lastKnownFileType = file.storyboard; name = Base; path = Base.lproj/Main.storyboard; sourceTree = "<group>"; };
		DAA44B1B1BBAFC440045B7F0 /* Base */ = {isa = PBXFileReference; lastKnownFileType = file.storyboard; name = Base; path = Base.lproj/LaunchScreen.storyboard; sourceTree = "<group>"; };
		DAA44B1D1BBAFC440045B7F0 /* Info.plist */ = {isa = PBXFileReference; lastKnownFileType = text.plist.xml; path = Info.plist; sourceTree = "<group>"; };
		DAA44B221BBAFC440045B7F0 /* KampusSGGW.xctest */ = {isa = PBXFileReference; explicitFileType = wrapper.cfbundle; includeInIndex = 0; path = KampusSGGW.xctest; sourceTree = BUILT_PRODUCTS_DIR; };
		DAA44B261BBAFC440045B7F0 /* KampusSGGW_iosTests.swift */ = {isa = PBXFileReference; lastKnownFileType = sourcecode.swift; path = KampusSGGW_iosTests.swift; sourceTree = "<group>"; };
		DAA44B281BBAFC440045B7F0 /* Info.plist */ = {isa = PBXFileReference; lastKnownFileType = text.plist.xml; path = Info.plist; sourceTree = "<group>"; };
		DAA44B2D1BBAFC440045B7F0 /* KampusSGGW.xctest */ = {isa = PBXFileReference; explicitFileType = wrapper.cfbundle; includeInIndex = 0; path = KampusSGGW.xctest; sourceTree = BUILT_PRODUCTS_DIR; };
		DAA44B311BBAFC440045B7F0 /* KampusSGGW_iosUITests.swift */ = {isa = PBXFileReference; lastKnownFileType = sourcecode.swift; path = KampusSGGW_iosUITests.swift; sourceTree = "<group>"; };
		DAA44B331BBAFC440045B7F0 /* Info.plist */ = {isa = PBXFileReference; lastKnownFileType = text.plist.xml; path = Info.plist; sourceTree = "<group>"; };
		DAA44B471BBB03D90045B7F0 /* Building.swift */ = {isa = PBXFileReference; fileEncoding = 4; lastKnownFileType = sourcecode.swift; path = Building.swift; sourceTree = "<group>"; };
		DAA44B491BBB0C680045B7F0 /* Buildings.swift */ = {isa = PBXFileReference; fileEncoding = 4; lastKnownFileType = sourcecode.swift; path = Buildings.swift; sourceTree = "<group>"; };
		DAA44B4B1BBB0CE70045B7F0 /* Buildings.json */ = {isa = PBXFileReference; fileEncoding = 4; lastKnownFileType = text.json; path = Buildings.json; sourceTree = "<group>"; };
		DAED64121BBC6ABD0042355F /* Colors.swift */ = {isa = PBXFileReference; fileEncoding = 4; lastKnownFileType = sourcecode.swift; path = Colors.swift; sourceTree = "<group>"; };
		DAED64161BBC72A20042355F /* BuildingTableViewCell.swift */ = {isa = PBXFileReference; fileEncoding = 4; lastKnownFileType = sourcecode.swift; path = BuildingTableViewCell.swift; sourceTree = "<group>"; };
		DF36E9B851E89CF4E69355BB /* Pods.release.xcconfig */ = {isa = PBXFileReference; includeInIndex = 1; lastKnownFileType = text.xcconfig; name = Pods.release.xcconfig; path = "Pods/Target Support Files/Pods/Pods.release.xcconfig"; sourceTree = "<group>"; };
/* End PBXFileReference section */

/* Begin PBXFrameworksBuildPhase section */
		DAA44B0B1BBAFC440045B7F0 /* Frameworks */ = {
			isa = PBXFrameworksBuildPhase;
			buildActionMask = 2147483647;
			files = (
				C50FDB8DD1814F7DB4E857BD /* Pods.framework in Frameworks */,
			);
			runOnlyForDeploymentPostprocessing = 0;
		};
		DAA44B1F1BBAFC440045B7F0 /* Frameworks */ = {
			isa = PBXFrameworksBuildPhase;
			buildActionMask = 2147483647;
			files = (
			);
			runOnlyForDeploymentPostprocessing = 0;
		};
		DAA44B2A1BBAFC440045B7F0 /* Frameworks */ = {
			isa = PBXFrameworksBuildPhase;
			buildActionMask = 2147483647;
			files = (
			);
			runOnlyForDeploymentPostprocessing = 0;
		};
/* End PBXFrameworksBuildPhase section */

/* Begin PBXGroup section */
		0C58394E7FB6C3EA0E652D0D /* Pods */ = {
			isa = PBXGroup;
			children = (
				79D2EA76100EF5E0D12AB0E9 /* Pods.debug.xcconfig */,
				DF36E9B851E89CF4E69355BB /* Pods.release.xcconfig */,
			);
			name = Pods;
			sourceTree = "<group>";
		};
		ADDAA3DBF47AE6D0B9CE5DD9 /* Frameworks */ = {
			isa = PBXGroup;
			children = (
				71628BC6B06EF11E8C8E2D80 /* Pods.framework */,
			);
			name = Frameworks;
			sourceTree = "<group>";
		};
		DA2FE33C1BCA544700E881BB /* AboutController */ = {
			isa = PBXGroup;
			children = (
				DA2FE33D1BCA546800E881BB /* AboutController.swift */,
			);
			name = AboutController;
			sourceTree = "<group>";
		};
		DA41EEBB1BD022E30025CDDC /* BuildingController */ = {
			isa = PBXGroup;
			children = (
				DA41EEBC1BD022F30025CDDC /* BuildingController.swift */,
			);
			name = BuildingController;
			sourceTree = "<group>";
		};
		DAA44B051BBAFC440045B7F0 = {
			isa = PBXGroup;
			children = (
				DA5164991BC05DC9007BF4D3 /* camp.gpx */,
				DAA44B101BBAFC440045B7F0 /* KampusSGGW_ios */,
				DAA44B251BBAFC440045B7F0 /* KampusSGGW_iosTests */,
				DAA44B301BBAFC440045B7F0 /* KampusSGGW_iosUITests */,
				DAA44B0F1BBAFC440045B7F0 /* Products */,
				0C58394E7FB6C3EA0E652D0D /* Pods */,
				ADDAA3DBF47AE6D0B9CE5DD9 /* Frameworks */,
			);
			sourceTree = "<group>";
		};
		DAA44B0F1BBAFC440045B7F0 /* Products */ = {
			isa = PBXGroup;
			children = (
				DAA44B0E1BBAFC440045B7F0 /* KampusSGGW.app */,
				DAA44B221BBAFC440045B7F0 /* KampusSGGW.xctest */,
				DAA44B2D1BBAFC440045B7F0 /* KampusSGGW.xctest */,
			);
			name = Products;
			sourceTree = "<group>";
		};
		DAA44B101BBAFC440045B7F0 /* KampusSGGW_ios */ = {
			isa = PBXGroup;
			children = (
				DAED64141BBC72860042355F /* ViewElements */,
				DAA44B3F1BBAFD4B0045B7F0 /* AppDelegate */,
				DAA44B441BBAFDA10045B7F0 /* Supporting Files */,
				DAA44B401BBAFD690045B7F0 /* Controllers */,
				DAA44B431BBAFD8B0045B7F0 /* Views */,
				DAA44B421BBAFD830045B7F0 /* Resources */,
				DAA44B411BBAFD710045B7F0 /* Models */,
				DAA44B451BBAFDB00045B7F0 /* Utils */,
			);
			path = KampusSGGW_ios;
			sourceTree = "<group>";
		};
		DAA44B251BBAFC440045B7F0 /* KampusSGGW_iosTests */ = {
			isa = PBXGroup;
			children = (
				DAA44B261BBAFC440045B7F0 /* KampusSGGW_iosTests.swift */,
				DAA44B281BBAFC440045B7F0 /* Info.plist */,
			);
			path = KampusSGGW_iosTests;
			sourceTree = "<group>";
		};
		DAA44B301BBAFC440045B7F0 /* KampusSGGW_iosUITests */ = {
			isa = PBXGroup;
			children = (
				DAA44B311BBAFC440045B7F0 /* KampusSGGW_iosUITests.swift */,
				DAA44B331BBAFC440045B7F0 /* Info.plist */,
			);
			path = KampusSGGW_iosUITests;
			sourceTree = "<group>";
		};
		DAA44B3F1BBAFD4B0045B7F0 /* AppDelegate */ = {
			isa = PBXGroup;
			children = (
				DAA44B111BBAFC440045B7F0 /* AppDelegate.swift */,
			);
			name = AppDelegate;
			sourceTree = "<group>";
		};
		DAA44B401BBAFD690045B7F0 /* Controllers */ = {
			isa = PBXGroup;
			children = (
				DA41EEBB1BD022E30025CDDC /* BuildingController */,
				DA2FE33C1BCA544700E881BB /* AboutController */,
				DAA44B461BBAFDC10045B7F0 /* MapController */,
			);
			name = Controllers;
			sourceTree = "<group>";
		};
		DAA44B411BBAFD710045B7F0 /* Models */ = {
			isa = PBXGroup;
			children = (
				DAA44B471BBB03D90045B7F0 /* Building.swift */,
			);
			name = Models;
			sourceTree = "<group>";
		};
		DAA44B421BBAFD830045B7F0 /* Resources */ = {
			isa = PBXGroup;
			children = (
				DA2FE33F1BCA56E700E881BB /* Assets.xcassets */,
				DA2FE33A1BCA4C0000E881BB /* silvernet.png */,
				DA3D54841BC14946006DA8D1 /* logo.png */,
				DAA44B4B1BBB0CE70045B7F0 /* Buildings.json */,
			);
			name = Resources;
			sourceTree = "<group>";
		};
		DAA44B431BBAFD8B0045B7F0 /* Views */ = {
			isa = PBXGroup;
			children = (
				DAA44B151BBAFC440045B7F0 /* Main.storyboard */,
				DAA44B1A1BBAFC440045B7F0 /* LaunchScreen.storyboard */,
			);
			name = Views;
			sourceTree = "<group>";
		};
		DAA44B441BBAFDA10045B7F0 /* Supporting Files */ = {
			isa = PBXGroup;
			children = (
				DAA44B1D1BBAFC440045B7F0 /* Info.plist */,
			);
			name = "Supporting Files";
			sourceTree = "<group>";
		};
		DAA44B451BBAFDB00045B7F0 /* Utils */ = {
			isa = PBXGroup;
			children = (
				DAA44B491BBB0C680045B7F0 /* Buildings.swift */,
				DAED64121BBC6ABD0042355F /* Colors.swift */,
				DA4596701BE2CB6800377B1E /* Bridging-Header.h */,
			);
			name = Utils;
			sourceTree = "<group>";
		};
		DAA44B461BBAFDC10045B7F0 /* MapController */ = {
			isa = PBXGroup;
			children = (
				DAA44B131BBAFC440045B7F0 /* Base_MapController.swift */,
				DA2FE4801BD81D460006D9C6 /* Search_MapController.swift */,
				DA2FE4821BD81E060006D9C6 /* Map_MapController.swift */,
			);
			name = MapController;
			sourceTree = "<group>";
		};
		DAED64141BBC72860042355F /* ViewElements */ = {
			isa = PBXGroup;
			children = (
				DAED64151BBC728D0042355F /* ViewCells */,
				DA41EEBE1BD029E20025CDDC /* TopAlignedLabel.swift */,
			);
			name = ViewElements;
			sourceTree = "<group>";
		};
		DAED64151BBC728D0042355F /* ViewCells */ = {
			isa = PBXGroup;
			children = (
				DAED64161BBC72A20042355F /* BuildingTableViewCell.swift */,
			);
			name = ViewCells;
			sourceTree = "<group>";
		};
/* End PBXGroup section */

/* Begin PBXNativeTarget section */
		DAA44B0D1BBAFC440045B7F0 /* KampusSGGW */ = {
			isa = PBXNativeTarget;
			buildConfigurationList = DAA44B361BBAFC440045B7F0 /* Build configuration list for PBXNativeTarget "KampusSGGW" */;
			buildPhases = (
				10EA70CE30BF0AD327E8DA6F /* Check Pods Manifest.lock */,
				DAA44B0A1BBAFC440045B7F0 /* Sources */,
				DAA44B0B1BBAFC440045B7F0 /* Frameworks */,
				DAA44B0C1BBAFC440045B7F0 /* Resources */,
				7512C3DCFE71186591F58CF9 /* Embed Pods Frameworks */,
				9480343E64AC4BBFE3D702A1 /* Copy Pods Resources */,
			);
			buildRules = (
			);
			dependencies = (
			);
			name = KampusSGGW;
			productName = KampusSGGW_ios;
			productReference = DAA44B0E1BBAFC440045B7F0 /* KampusSGGW.app */;
			productType = "com.apple.product-type.application";
		};
		DAA44B211BBAFC440045B7F0 /* KampusSGGWTests */ = {
			isa = PBXNativeTarget;
			buildConfigurationList = DAA44B391BBAFC440045B7F0 /* Build configuration list for PBXNativeTarget "KampusSGGWTests" */;
			buildPhases = (
				DAA44B1E1BBAFC440045B7F0 /* Sources */,
				DAA44B1F1BBAFC440045B7F0 /* Frameworks */,
				DAA44B201BBAFC440045B7F0 /* Resources */,
			);
			buildRules = (
			);
			dependencies = (
				DAA44B241BBAFC440045B7F0 /* PBXTargetDependency */,
			);
			name = KampusSGGWTests;
			productName = KampusSGGW_iosTests;
			productReference = DAA44B221BBAFC440045B7F0 /* KampusSGGW.xctest */;
			productType = "com.apple.product-type.bundle.unit-test";
		};
		DAA44B2C1BBAFC440045B7F0 /* KampusSGGWUITests */ = {
			isa = PBXNativeTarget;
			buildConfigurationList = DAA44B3C1BBAFC440045B7F0 /* Build configuration list for PBXNativeTarget "KampusSGGWUITests" */;
			buildPhases = (
				DAA44B291BBAFC440045B7F0 /* Sources */,
				DAA44B2A1BBAFC440045B7F0 /* Frameworks */,
				DAA44B2B1BBAFC440045B7F0 /* Resources */,
			);
			buildRules = (
			);
			dependencies = (
				DAA44B2F1BBAFC440045B7F0 /* PBXTargetDependency */,
			);
			name = KampusSGGWUITests;
			productName = KampusSGGW_iosUITests;
			productReference = DAA44B2D1BBAFC440045B7F0 /* KampusSGGW.xctest */;
			productType = "com.apple.product-type.bundle.ui-testing";
		};
/* End PBXNativeTarget section */

/* Begin PBXProject section */
		DAA44B061BBAFC440045B7F0 /* Project object */ = {
			isa = PBXProject;
			attributes = {
				LastUpgradeCheck = 0700;
				ORGANIZATIONNAME = QexT;
				TargetAttributes = {
					DAA44B0D1BBAFC440045B7F0 = {
						CreatedOnToolsVersion = 7.0;
						DevelopmentTeam = 7QPRW782PC;
						SystemCapabilities = {
							com.apple.BackgroundModes = {
								enabled = 0;
							};
						};
					};
					DAA44B211BBAFC440045B7F0 = {
						CreatedOnToolsVersion = 7.0;
						DevelopmentTeam = QDYUNR2JCR;
						TestTargetID = DAA44B0D1BBAFC440045B7F0;
					};
					DAA44B2C1BBAFC440045B7F0 = {
						CreatedOnToolsVersion = 7.0;
						DevelopmentTeam = QDYUNR2JCR;
						TestTargetID = DAA44B0D1BBAFC440045B7F0;
					};
				};
			};
			buildConfigurationList = DAA44B091BBAFC440045B7F0 /* Build configuration list for PBXProject "KampusSGGW" */;
			compatibilityVersion = "Xcode 3.2";
			developmentRegion = English;
			hasScannedForEncodings = 0;
			knownRegions = (
				en,
				Base,
			);
			mainGroup = DAA44B051BBAFC440045B7F0;
			productRefGroup = DAA44B0F1BBAFC440045B7F0 /* Products */;
			projectDirPath = "";
			projectRoot = "";
			targets = (
				DAA44B0D1BBAFC440045B7F0 /* KampusSGGW */,
				DAA44B211BBAFC440045B7F0 /* KampusSGGWTests */,
				DAA44B2C1BBAFC440045B7F0 /* KampusSGGWUITests */,
			);
		};
/* End PBXProject section */

/* Begin PBXResourcesBuildPhase section */
		DAA44B0C1BBAFC440045B7F0 /* Resources */ = {
			isa = PBXResourcesBuildPhase;
			buildActionMask = 2147483647;
			files = (
				DA51649A1BC05DC9007BF4D3 /* camp.gpx in Resources */,
				DAA44B1C1BBAFC440045B7F0 /* LaunchScreen.storyboard in Resources */,
				DA2FE33B1BCA4C0000E881BB /* silvernet.png in Resources */,
				DAA44B171BBAFC440045B7F0 /* Main.storyboard in Resources */,
				DAA44B4C1BBB0CE70045B7F0 /* Buildings.json in Resources */,
				DA2FE3401BCA56E700E881BB /* Assets.xcassets in Resources */,
				DA3D54861BC14946006DA8D1 /* logo.png in Resources */,
			);
			runOnlyForDeploymentPostprocessing = 0;
		};
		DAA44B201BBAFC440045B7F0 /* Resources */ = {
			isa = PBXResourcesBuildPhase;
			buildActionMask = 2147483647;
			files = (
			);
			runOnlyForDeploymentPostprocessing = 0;
		};
		DAA44B2B1BBAFC440045B7F0 /* Resources */ = {
			isa = PBXResourcesBuildPhase;
			buildActionMask = 2147483647;
			files = (
			);
			runOnlyForDeploymentPostprocessing = 0;
		};
/* End PBXResourcesBuildPhase section */

/* Begin PBXShellScriptBuildPhase section */
		10EA70CE30BF0AD327E8DA6F /* Check Pods Manifest.lock */ = {
			isa = PBXShellScriptBuildPhase;
			buildActionMask = 2147483647;
			files = (
			);
			inputPaths = (
			);
			name = "Check Pods Manifest.lock";
			outputPaths = (
			);
			runOnlyForDeploymentPostprocessing = 0;
			shellPath = /bin/sh;
			shellScript = "diff \"${PODS_ROOT}/../Podfile.lock\" \"${PODS_ROOT}/Manifest.lock\" > /dev/null\nif [[ $? != 0 ]] ; then\n    cat << EOM\nerror: The sandbox is not in sync with the Podfile.lock. Run 'pod install' or update your CocoaPods installation.\nEOM\n    exit 1\nfi\n";
			showEnvVarsInLog = 0;
		};
		7512C3DCFE71186591F58CF9 /* Embed Pods Frameworks */ = {
			isa = PBXShellScriptBuildPhase;
			buildActionMask = 2147483647;
			files = (
			);
			inputPaths = (
			);
			name = "Embed Pods Frameworks";
			outputPaths = (
			);
			runOnlyForDeploymentPostprocessing = 0;
			shellPath = /bin/sh;
			shellScript = "\"${SRCROOT}/Pods/Target Support Files/Pods/Pods-frameworks.sh\"\n";
			showEnvVarsInLog = 0;
		};
		9480343E64AC4BBFE3D702A1 /* Copy Pods Resources */ = {
			isa = PBXShellScriptBuildPhase;
			buildActionMask = 2147483647;
			files = (
			);
			inputPaths = (
			);
			name = "Copy Pods Resources";
			outputPaths = (
			);
			runOnlyForDeploymentPostprocessing = 0;
			shellPath = /bin/sh;
			shellScript = "\"${SRCROOT}/Pods/Target Support Files/Pods/Pods-resources.sh\"\n";
			showEnvVarsInLog = 0;
		};
/* End PBXShellScriptBuildPhase section */

/* Begin PBXSourcesBuildPhase section */
		DAA44B0A1BBAFC440045B7F0 /* Sources */ = {
			isa = PBXSourcesBuildPhase;
			buildActionMask = 2147483647;
			files = (
				DA2FE4811BD81D460006D9C6 /* Search_MapController.swift in Sources */,
				DAA44B141BBAFC440045B7F0 /* Base_MapController.swift in Sources */,
				DAED64171BBC72A20042355F /* BuildingTableViewCell.swift in Sources */,
				DAED64131BBC6ABD0042355F /* Colors.swift in Sources */,
				DAA44B481BBB03D90045B7F0 /* Building.swift in Sources */,
				DAA44B121BBAFC440045B7F0 /* AppDelegate.swift in Sources */,
				DA41EEBD1BD022F30025CDDC /* BuildingController.swift in Sources */,
				DA2FE33E1BCA546800E881BB /* AboutController.swift in Sources */,
				DA2FE4831BD81E060006D9C6 /* Map_MapController.swift in Sources */,
				DA41EEBF1BD029E20025CDDC /* TopAlignedLabel.swift in Sources */,
				DAA44B4A1BBB0C680045B7F0 /* Buildings.swift in Sources */,
			);
			runOnlyForDeploymentPostprocessing = 0;
		};
		DAA44B1E1BBAFC440045B7F0 /* Sources */ = {
			isa = PBXSourcesBuildPhase;
			buildActionMask = 2147483647;
			files = (
				DAA44B271BBAFC440045B7F0 /* KampusSGGW_iosTests.swift in Sources */,
			);
			runOnlyForDeploymentPostprocessing = 0;
		};
		DAA44B291BBAFC440045B7F0 /* Sources */ = {
			isa = PBXSourcesBuildPhase;
			buildActionMask = 2147483647;
			files = (
				DAA44B321BBAFC440045B7F0 /* KampusSGGW_iosUITests.swift in Sources */,
			);
			runOnlyForDeploymentPostprocessing = 0;
		};
/* End PBXSourcesBuildPhase section */

/* Begin PBXTargetDependency section */
		DAA44B241BBAFC440045B7F0 /* PBXTargetDependency */ = {
			isa = PBXTargetDependency;
			target = DAA44B0D1BBAFC440045B7F0 /* KampusSGGW */;
			targetProxy = DAA44B231BBAFC440045B7F0 /* PBXContainerItemProxy */;
		};
		DAA44B2F1BBAFC440045B7F0 /* PBXTargetDependency */ = {
			isa = PBXTargetDependency;
			target = DAA44B0D1BBAFC440045B7F0 /* KampusSGGW */;
			targetProxy = DAA44B2E1BBAFC440045B7F0 /* PBXContainerItemProxy */;
		};
/* End PBXTargetDependency section */

/* Begin PBXVariantGroup section */
		DAA44B151BBAFC440045B7F0 /* Main.storyboard */ = {
			isa = PBXVariantGroup;
			children = (
				DAA44B161BBAFC440045B7F0 /* Base */,
			);
			name = Main.storyboard;
			sourceTree = "<group>";
		};
		DAA44B1A1BBAFC440045B7F0 /* LaunchScreen.storyboard */ = {
			isa = PBXVariantGroup;
			children = (
				DAA44B1B1BBAFC440045B7F0 /* Base */,
			);
			name = LaunchScreen.storyboard;
			sourceTree = "<group>";
		};
/* End PBXVariantGroup section */

/* Begin XCBuildConfiguration section */
		DAA44B341BBAFC440045B7F0 /* Debug */ = {
			isa = XCBuildConfiguration;
			buildSettings = {
				ALWAYS_SEARCH_USER_PATHS = NO;
				CLANG_CXX_LANGUAGE_STANDARD = "gnu++0x";
				CLANG_CXX_LIBRARY = "libc++";
				CLANG_ENABLE_MODULES = YES;
				CLANG_ENABLE_OBJC_ARC = YES;
				CLANG_WARN_BOOL_CONVERSION = YES;
				CLANG_WARN_CONSTANT_CONVERSION = YES;
				CLANG_WARN_DIRECT_OBJC_ISA_USAGE = YES_ERROR;
				CLANG_WARN_EMPTY_BODY = YES;
				CLANG_WARN_ENUM_CONVERSION = YES;
				CLANG_WARN_INT_CONVERSION = YES;
				CLANG_WARN_OBJC_ROOT_CLASS = YES_ERROR;
				CLANG_WARN_UNREACHABLE_CODE = YES;
				CLANG_WARN__DUPLICATE_METHOD_MATCH = YES;
				"CODE_SIGN_IDENTITY[sdk=iphoneos*]" = "iPhone Developer";
				COPY_PHASE_STRIP = NO;
				DEBUG_INFORMATION_FORMAT = dwarf;
				ENABLE_STRICT_OBJC_MSGSEND = YES;
				ENABLE_TESTABILITY = YES;
				GCC_C_LANGUAGE_STANDARD = gnu99;
				GCC_DYNAMIC_NO_PIC = NO;
				GCC_NO_COMMON_BLOCKS = YES;
				GCC_OPTIMIZATION_LEVEL = 0;
				GCC_PREPROCESSOR_DEFINITIONS = (
					"DEBUG=1",
					"$(inherited)",
				);
				GCC_WARN_64_TO_32_BIT_CONVERSION = YES;
				GCC_WARN_ABOUT_RETURN_TYPE = YES_ERROR;
				GCC_WARN_UNDECLARED_SELECTOR = YES;
				GCC_WARN_UNINITIALIZED_AUTOS = YES_AGGRESSIVE;
				GCC_WARN_UNUSED_FUNCTION = YES;
				GCC_WARN_UNUSED_VARIABLE = YES;
				IPHONEOS_DEPLOYMENT_TARGET = 9.0;
				MTL_ENABLE_DEBUG_INFO = YES;
				ONLY_ACTIVE_ARCH = YES;
				SDKROOT = iphoneos;
				SWIFT_OPTIMIZATION_LEVEL = "-Onone";
			};
			name = Debug;
		};
		DAA44B351BBAFC440045B7F0 /* Release */ = {
			isa = XCBuildConfiguration;
			buildSettings = {
				ALWAYS_SEARCH_USER_PATHS = NO;
				CLANG_CXX_LANGUAGE_STANDARD = "gnu++0x";
				CLANG_CXX_LIBRARY = "libc++";
				CLANG_ENABLE_MODULES = YES;
				CLANG_ENABLE_OBJC_ARC = YES;
				CLANG_WARN_BOOL_CONVERSION = YES;
				CLANG_WARN_CONSTANT_CONVERSION = YES;
				CLANG_WARN_DIRECT_OBJC_ISA_USAGE = YES_ERROR;
				CLANG_WARN_EMPTY_BODY = YES;
				CLANG_WARN_ENUM_CONVERSION = YES;
				CLANG_WARN_INT_CONVERSION = YES;
				CLANG_WARN_OBJC_ROOT_CLASS = YES_ERROR;
				CLANG_WARN_UNREACHABLE_CODE = YES;
				CLANG_WARN__DUPLICATE_METHOD_MATCH = YES;
				"CODE_SIGN_IDENTITY[sdk=iphoneos*]" = "iPhone Developer";
				COPY_PHASE_STRIP = NO;
				DEBUG_INFORMATION_FORMAT = "dwarf-with-dsym";
				ENABLE_NS_ASSERTIONS = NO;
				ENABLE_STRICT_OBJC_MSGSEND = YES;
				GCC_C_LANGUAGE_STANDARD = gnu99;
				GCC_NO_COMMON_BLOCKS = YES;
				GCC_WARN_64_TO_32_BIT_CONVERSION = YES;
				GCC_WARN_ABOUT_RETURN_TYPE = YES_ERROR;
				GCC_WARN_UNDECLARED_SELECTOR = YES;
				GCC_WARN_UNINITIALIZED_AUTOS = YES_AGGRESSIVE;
				GCC_WARN_UNUSED_FUNCTION = YES;
				GCC_WARN_UNUSED_VARIABLE = YES;
				IPHONEOS_DEPLOYMENT_TARGET = 9.0;
				MTL_ENABLE_DEBUG_INFO = NO;
				SDKROOT = iphoneos;
				VALIDATE_PRODUCT = YES;
			};
			name = Release;
		};
		DAA44B371BBAFC440045B7F0 /* Debug */ = {
			isa = XCBuildConfiguration;
			baseConfigurationReference = 79D2EA76100EF5E0D12AB0E9 /* Pods.debug.xcconfig */;
			buildSettings = {
				ASSETCATALOG_COMPILER_APPICON_NAME = AppIcon;
				CODE_SIGN_IDENTITY = "iPhone Distribution: Pawel Sygnowski (7QPRW782PC)";
				INFOPLIST_FILE = KampusSGGW_ios/Info.plist;
				LD_RUNPATH_SEARCH_PATHS = "$(inherited) @executable_path/Frameworks";
				PRODUCT_BUNDLE_IDENTIFIER = com.qext.CampSGGW;
				PRODUCT_NAME = KampusSGGW;
				SWIFT_OBJC_BRIDGING_HEADER = "KampusSGGW_ios/Bridging-Header.h";
			};
			name = Debug;
		};
		DAA44B381BBAFC440045B7F0 /* Release */ = {
			isa = XCBuildConfiguration;
			baseConfigurationReference = DF36E9B851E89CF4E69355BB /* Pods.release.xcconfig */;
			buildSettings = {
				ASSETCATALOG_COMPILER_APPICON_NAME = AppIcon;
				CODE_SIGN_IDENTITY = "iPhone Distribution: Pawel Sygnowski (7QPRW782PC)";
				INFOPLIST_FILE = KampusSGGW_ios/Info.plist;
				LD_RUNPATH_SEARCH_PATHS = "$(inherited) @executable_path/Frameworks";
				PRODUCT_BUNDLE_IDENTIFIER = com.qext.CampSGGW;
				PRODUCT_NAME = KampusSGGW;
				SWIFT_OBJC_BRIDGING_HEADER = "KampusSGGW_ios/Bridging-Header.h";
			};
			name = Release;
		};
		DAA44B3A1BBAFC440045B7F0 /* Debug */ = {
			isa = XCBuildConfiguration;
			buildSettings = {
				BUNDLE_LOADER = "$(TEST_HOST)";
				INFOPLIST_FILE = KampusSGGW_iosTests/Info.plist;
				LD_RUNPATH_SEARCH_PATHS = "$(inherited) @executable_path/Frameworks @loader_path/Frameworks";
				PRODUCT_BUNDLE_IDENTIFIER = "com.qext.KampusSGGW-iosTests";
				PRODUCT_NAME = KampusSGGW;
				TEST_HOST = "$(BUILT_PRODUCTS_DIR)/KampusSGGW.app/KampusSGGW";
			};
			name = Debug;
		};
		DAA44B3B1BBAFC440045B7F0 /* Release */ = {
			isa = XCBuildConfiguration;
			buildSettings = {
				BUNDLE_LOADER = "$(TEST_HOST)";
				INFOPLIST_FILE = KampusSGGW_iosTests/Info.plist;
				LD_RUNPATH_SEARCH_PATHS = "$(inherited) @executable_path/Frameworks @loader_path/Frameworks";
				PRODUCT_BUNDLE_IDENTIFIER = "com.qext.KampusSGGW-iosTests";
				PRODUCT_NAME = KampusSGGW;
				TEST_HOST = "$(BUILT_PRODUCTS_DIR)/KampusSGGW.app/KampusSGGW";
			};
			name = Release;
		};
		DAA44B3D1BBAFC440045B7F0 /* Debug */ = {
			isa = XCBuildConfiguration;
			buildSettings = {
				INFOPLIST_FILE = KampusSGGW_iosUITests/Info.plist;
				LD_RUNPATH_SEARCH_PATHS = "$(inherited) @executable_path/Frameworks @loader_path/Frameworks";
				PRODUCT_BUNDLE_IDENTIFIER = "com.qext.KampusSGGW-iosUITests";
				PRODUCT_NAME = KampusSGGW;
				TEST_TARGET_NAME = KampusSGGW_ios;
				USES_XCTRUNNER = YES;
			};
			name = Debug;
		};
		DAA44B3E1BBAFC440045B7F0 /* Release */ = {
			isa = XCBuildConfiguration;
			buildSettings = {
				INFOPLIST_FILE = KampusSGGW_iosUITests/Info.plist;
				LD_RUNPATH_SEARCH_PATHS = "$(inherited) @executable_path/Frameworks @loader_path/Frameworks";
				PRODUCT_BUNDLE_IDENTIFIER = "com.qext.KampusSGGW-iosUITests";
				PRODUCT_NAME = KampusSGGW;
				TEST_TARGET_NAME = KampusSGGW_ios;
				USES_XCTRUNNER = YES;
			};
			name = Release;
		};
/* End XCBuildConfiguration section */

/* Begin XCConfigurationList section */
		DAA44B091BBAFC440045B7F0 /* Build configuration list for PBXProject "KampusSGGW" */ = {
			isa = XCConfigurationList;
			buildConfigurations = (
				DAA44B341BBAFC440045B7F0 /* Debug */,
				DAA44B351BBAFC440045B7F0 /* Release */,
			);
			defaultConfigurationIsVisible = 0;
			defaultConfigurationName = Release;
		};
		DAA44B361BBAFC440045B7F0 /* Build configuration list for PBXNativeTarget "KampusSGGW" */ = {
			isa = XCConfigurationList;
			buildConfigurations = (
				DAA44B371BBAFC440045B7F0 /* Debug */,
				DAA44B381BBAFC440045B7F0 /* Release */,
			);
			defaultConfigurationIsVisible = 0;
			defaultConfigurationName = Release;
		};
		DAA44B391BBAFC440045B7F0 /* Build configuration list for PBXNativeTarget "KampusSGGWTests" */ = {
			isa = XCConfigurationList;
			buildConfigurations = (
				DAA44B3A1BBAFC440045B7F0 /* Debug */,
				DAA44B3B1BBAFC440045B7F0 /* Release */,
			);
			defaultConfigurationIsVisible = 0;
			defaultConfigurationName = Release;
		};
		DAA44B3C1BBAFC440045B7F0 /* Build configuration list for PBXNativeTarget "KampusSGGWUITests" */ = {
			isa = XCConfigurationList;
			buildConfigurations = (
				DAA44B3D1BBAFC440045B7F0 /* Debug */,
				DAA44B3E1BBAFC440045B7F0 /* Release */,
			);
			defaultConfigurationIsVisible = 0;
			defaultConfigurationName = Release;
		};
/* End XCConfigurationList section */
	};
	rootObject = DAA44B061BBAFC440045B7F0 /* Project object */;
}
